
Microsoft Visual Studio Solution File, Format Version 12.00
# Visual Studio Version 17
VisualStudioVersion = 17.0.31903.59
MinimumVisualStudioVersion = 10.0.40219.1
Project("{9A19103F-16F7-4668-BE54-9A1E7A4F7556}") = "CodeCharacter.CoreLibrary", "src\CodeCharacter.CoreLibrary\CodeCharacter.CoreLibrary.csproj", "{C617E64D-B785-4D5F-8E0E-D4EB89E5263E}"
EndProject
Project("{9A19103F-16F7-4668-BE54-9A1E7A4F7556}") = "CodeCharacter.Core", "src\CodeCharacter.Core\CodeCharacter.Core.csproj", "{A1B076FA-F9E1-463D-AAAD-073633A2F984}"
	ProjectSection(ProjectDependencies) = postProject
		{C617E64D-B785-4D5F-8E0E-D4EB89E5263E} = {C617E64D-B785-4D5F-8E0E-D4EB89E5263E}
	EndProjectSection
EndProject
Project("{9A19103F-16F7-4668-BE54-9A1E7A4F7556}") = "CodeCharacter.Tests", "tests\CodeCharacter.Tests\CodeCharacter.Tests.csproj", "{CD21E984-F05E-4DBE-8747-1795DB4AAE9B}"
	ProjectSection(ProjectDependencies) = postProject
		{A1B076FA-F9E1-463D-AAAD-073633A2F984} = {A1B076FA-F9E1-463D-AAAD-073633A2F984}
	EndProjectSection
EndProject
Project("{E53339B2-1760-4266-BCC7-CA923CBCF16C}") = "docker-compose", "docker-compose.dcproj", "{813A6122-1FEF-486F-ADC9-D940B0F341D2}"
EndProject
Project("{2150E333-8FDC-42A3-9474-1A3956D46DE8}") = "Dotfiles", "Dotfiles", "{F0D910B7-CED6-4CAE-BE0C-6ED3FA773A38}"
	ProjectSection(SolutionItems) = preProject
		.editorconfig = .editorconfig
		.gitignore = .gitignore
		.openapi-generator-ignore = .openapi-generator-ignore
		CodeCoverage.runsettings = CodeCoverage.runsettings
	EndProjectSection
EndProject
Project("{2150E333-8FDC-42A3-9474-1A3956D46DE8}") = "Specification", "Specification", "{D9DCE349-5EFF-45B8-A1A4-3A730DA43E3D}"
ProjectSection(SolutionItems) = preProject
	spec\CodeCharacter-API.yaml = spec\CodeCharacter-API.yaml
	spec\generator-config.yml = spec\generator-config.yml
	spec\README.md = spec\README.md
EndProjectSection
EndProject
Global
	GlobalSection(SolutionConfigurationPlatforms) = preSolution
		Debug|Any CPU = Debug|Any CPU
		Release|Any CPU = Release|Any CPU
	EndGlobalSection
	GlobalSection(ProjectConfigurationPlatforms) = postSolution
		{C617E64D-B785-4D5F-8E0E-D4EB89E5263E}.Debug|Any CPU.ActiveCfg = Debug|Any CPU
		{C617E64D-B785-4D5F-8E0E-D4EB89E5263E}.Debug|Any CPU.Build.0 = Debug|Any CPU
		{C617E64D-B785-4D5F-8E0E-D4EB89E5263E}.Release|Any CPU.ActiveCfg = Release|Any CPU
		{C617E64D-B785-4D5F-8E0E-D4EB89E5263E}.Release|Any CPU.Build.0 = Release|Any CPU
		{A1B076FA-F9E1-463D-AAAD-073633A2F984}.Debug|Any CPU.ActiveCfg = Debug|Any CPU
		{A1B076FA-F9E1-463D-AAAD-073633A2F984}.Debug|Any CPU.Build.0 = Debug|Any CPU
		{A1B076FA-F9E1-463D-AAAD-073633A2F984}.Release|Any CPU.ActiveCfg = Release|Any CPU
		{A1B076FA-F9E1-463D-AAAD-073633A2F984}.Release|Any CPU.Build.0 = Release|Any CPU
		{CD21E984-F05E-4DBE-8747-1795DB4AAE9B}.Debug|Any CPU.ActiveCfg = Debug|Any CPU
		{CD21E984-F05E-4DBE-8747-1795DB4AAE9B}.Debug|Any CPU.Build.0 = Debug|Any CPU
		{CD21E984-F05E-4DBE-8747-1795DB4AAE9B}.Release|Any CPU.ActiveCfg = Release|Any CPU
		{CD21E984-F05E-4DBE-8747-1795DB4AAE9B}.Release|Any CPU.Build.0 = Release|Any CPU
		{813A6122-1FEF-486F-ADC9-D940B0F341D2}.Debug|Any CPU.ActiveCfg = Debug|Any CPU
		{813A6122-1FEF-486F-ADC9-D940B0F341D2}.Debug|Any CPU.Build.0 = Debug|Any CPU
		{813A6122-1FEF-486F-ADC9-D940B0F341D2}.Release|Any CPU.ActiveCfg = Release|Any CPU
		{813A6122-1FEF-486F-ADC9-D940B0F341D2}.Release|Any CPU.Build.0 = Release|Any CPU
	EndGlobalSection
	GlobalSection(SolutionProperties) = preSolution
		HideSolutionNode = FALSE
	EndGlobalSection
	GlobalSection(ExtensibilityGlobals) = postSolution
		SolutionGuid = {93FFACB4-8F18-4648-B77F-1A63898CFED0}
	EndGlobalSection
EndGlobal
