{
  "version": 1,
  "dependencies": {
    "net6.0": {
      "Microsoft.VisualStudio.Azure.Containers.Tools.Targets": {
        "type": "Direct",
        "requested": "[1.14.0, )",
        "resolved": "1.14.0",
        "contentHash": "yORzATlNmCp4kEwkxznLZ3maTaUJc5yTcu3aPufY8Tq4141/bRRWsa91u8I24MR3BTCCJlZO98xuQWB4arlKCw=="
      },
      "Roslynator.Analyzers": {
        "type": "Direct",
        "requested": "[3.3.0, )",
        "resolved": "3.3.0",
        "contentHash": "yrX3i1javiCEulgi87ZvvV9nEieyv3tOe79Y978TS2Omwj/FX4pLap58U8A1gyPtQEkMcSzsNIoqLOBf+HfuaA=="
      },
      "Roslynator.CodeAnalysis.Analyzers": {
        "type": "Direct",
        "requested": "[3.3.0, )",
        "resolved": "3.3.0",
        "contentHash": "hNjfHMzsi18lj3e+XcZPkDC9nQLITQ02Bfs9V2lZ77Q0izK/szUm+v/QWrxcN/kXxugTRXrrk4WS4mXZR5Vd0w=="
      },
      "Roslynator.Formatting.Analyzers": {
        "type": "Direct",
        "requested": "[3.3.0, )",
        "resolved": "3.3.0",
        "contentHash": "H53SecRoBo0EGQsc+IAt+Bu9WJXwgFSZPNKEZxcM8P5MlN2NXi8E6aEabetws71MWbri4PELnkcQlNLnsOq5Jg=="
      },
      "Swashbuckle.AspNetCore": {
        "type": "Direct",
        "requested": "[6.2.3, )",
        "resolved": "6.2.3",
        "contentHash": "cnzQDn0Le+hInsw2SYwlOhOCPXpYi/szcvnyqZJ12v+QyrLBwAmWXBg6RIyHB18s/mLeywC+Rg2O9ndz0IUNYQ==",
        "dependencies": {
          "Microsoft.Extensions.ApiDescription.Server": "3.0.0",
          "Swashbuckle.AspNetCore.Swagger": "6.2.3",
          "Swashbuckle.AspNetCore.SwaggerGen": "6.2.3",
          "Swashbuckle.AspNetCore.SwaggerUI": "6.2.3"
        }
      },
      "Microsoft.Extensions.ApiDescription.Server": {
        "type": "Transitive",
        "resolved": "3.0.0",
        "contentHash": "LH4OE/76F6sOCslif7+Xh3fS/wUUrE5ryeXAMcoCnuwOQGT5Smw0p57IgDh/pHgHaGz/e+AmEQb7pRgb++wt0w=="
      },
      "Microsoft.OpenApi": {
        "type": "Transitive",
        "resolved": "1.2.3",
        "contentHash": "Nug3rO+7Kl5/SBAadzSMAVgqDlfGjJZ0GenQrLywJ84XGKO0uRqkunz5Wyl0SDwcR71bAATXvSdbdzPrYRYKGw=="
      },
      "Swashbuckle.AspNetCore.Swagger": {
        "type": "Transitive",
        "resolved": "6.2.3",
        "contentHash": "qOF7j1sL0bWm8g/qqHVPCvkO3JlVvUIB8WfC98kSh6BT5y5DAnBNctfac7XR5EZf+eD7/WasvANncTqwZYfmWQ==",
        "dependencies": {
          "Microsoft.OpenApi": "1.2.3"
        }
      },
      "Swashbuckle.AspNetCore.SwaggerGen": {
        "type": "Transitive",
        "resolved": "6.2.3",
        "contentHash": "+Xq7WdMCCfcXlnbLJVFNgY8ITdP2TRYIlpbt6IKzDw5FwFxdi9lBfNDtcT+/wkKwX70iBBFmXldnnd02/VO72A==",
        "dependencies": {
          "Swashbuckle.AspNetCore.Swagger": "6.2.3"
        }
      },
      "Swashbuckle.AspNetCore.SwaggerUI": {
        "type": "Transitive",
        "resolved": "6.2.3",
        "contentHash": "bCRI87uKJVb4G+KURWm8LQrL64St04dEFZcF6gIM67Zc0Sr/N47EO83ybLMYOvfNdO1DCv8xwPcrz9J/VEhQ5g=="
      }
    }
  }
}